{
  "name": "web-estratega",
  "lockfileVersion": 2,
  "requires": true,
  "packages": {
    "": {
      "dependencies": {
        "gsap": "^3.11.2"
      }
    },
    "node_modules/gsap": {
      "version": "3.11.2",
      "resolved": "https://registry.npmjs.org/gsap/-/gsap-3.11.2.tgz",
      "integrity": "sha512-y1NSjM2i2yCjLtoNuoyIhhh9kmYOpFEU9su1EbHuZGN3OWr8M6NIjNHBurSWu/blbHAPQqGm7mUIokSxqTTp2Q=="
    }
  },
  "dependencies": {
    "gsap": {
      "version": "3.11.2",
      "resolved": "https://registry.npmjs.org/gsap/-/gsap-3.11.2.tgz",
      "integrity": "sha512-y1NSjM2i2yCjLtoNuoyIhhh9kmYOpFEU9su1EbHuZGN3OWr8M6NIjNHBurSWu/blbHAPQqGm7mUIokSxqTTp2Q=="
    }
  }
}
